
Microsoft Visual Studio Solution File, Format Version 12.00
# Visual Studio Version 17
VisualStudioVersion = 17.3.32929.385
MinimumVisualStudioVersion = 10.0.40219.1
Project("{FAE04EC0-301F-11D3-BF4B-00C04F79EFBC}") = "Puantaj.Data", "Puantaj.Data\Puantaj.Data.csproj", "{36A7E164-2200-492D-9C29-35A8F24B5447}"
EndProject
Global
	GlobalSection(SolutionConfigurationPlatforms) = preSolution
		Debug|Any CPU = Debug|Any CPU
		Release|Any CPU = Release|Any CPU
	EndGlobalSection
	GlobalSection(ProjectConfigurationPlatforms) = postSolution
		{36A7E164-2200-492D-9C29-35A8F24B5447}.Debug|Any CPU.ActiveCfg = Debug|Any CPU
		{36A7E164-2200-492D-9C29-35A8F24B5447}.Debug|Any CPU.Build.0 = Debug|Any CPU
		{36A7E164-2200-492D-9C29-35A8F24B5447}.Release|Any CPU.ActiveCfg = Release|Any CPU
		{36A7E164-2200-492D-9C29-35A8F24B5447}.Release|Any CPU.Build.0 = Release|Any CPU
	EndGlobalSection
	GlobalSection(SolutionProperties) = preSolution
		HideSolutionNode = FALSE
	EndGlobalSection
	GlobalSection(ExtensibilityGlobals) = postSolution
		SolutionGuid = {0007B382-74E4-4AFD-A81A-5AF8DF0D6043}
	EndGlobalSection
EndGlobal
